
Microsoft Visual Studio Solution File, Format Version 12.00
# Visual Studio Version 17
VisualStudioVersion = 17.0.31912.275
MinimumVisualStudioVersion = 10.0.40219.1
Project("{FAE04EC0-301F-11D3-BF4B-00C04F79EFBC}") = "WpfApp5", "WpfApp5\WpfApp5.csproj", "{8CA08974-05D4-4CF5-ADFC-ECD398F1127E}"
EndProject
Global
	GlobalSection(SolutionConfigurationPlatforms) = preSolution
		Debug|Any CPU = Debug|Any CPU
		Release|Any CPU = Release|Any CPU
	EndGlobalSection
	GlobalSection(ProjectConfigurationPlatforms) = postSolution
		{8CA08974-05D4-4CF5-ADFC-ECD398F1127E}.Debug|Any CPU.ActiveCfg = Debug|Any CPU
		{8CA08974-05D4-4CF5-ADFC-ECD398F1127E}.Debug|Any CPU.Build.0 = Debug|Any CPU
		{8CA08974-05D4-4CF5-ADFC-ECD398F1127E}.Release|Any CPU.ActiveCfg = Release|Any CPU
		{8CA08974-05D4-4CF5-ADFC-ECD398F1127E}.Release|Any CPU.Build.0 = Release|Any CPU
	EndGlobalSection
	GlobalSection(SolutionProperties) = preSolution
		HideSolutionNode = FALSE
	EndGlobalSection
	GlobalSection(ExtensibilityGlobals) = postSolution
		SolutionGuid = {F6D22E4C-8BA1-4C28-AE7B-E3D9375146D0}
	EndGlobalSection
EndGlobal
